// !$*UTF8*$!
{
	archiveVersion = 1;
	classes = {
	};
	objectVersion = 77;
	objects = {

/* Begin PBXBuildFile section */
		EF774CD32D78014E00D8F224 /* BudgetsApp.swift in Sources */ = {isa = PBXBuildFile; fileRef = EF774CD02D78014E00D8F224 /* BudgetsApp.swift */; };
		EF774CD42D78014E00D8F224 /* ContentView.swift in Sources */ = {isa = PBXBuildFile; fileRef = EF774CD12D78014E00D8F224 /* ContentView.swift */; };
		EF774CD52D78014E00D8F224 /* Preview Assets.xcassets in Resources */ = {isa = PBXBuildFile; fileRef = EF774CCD2D78014E00D8F224 /* Preview Assets.xcassets */; };
		EF774CD62D78014E00D8F224 /* Assets.xcassets in Resources */ = {isa = PBXBuildFile; fileRef = EF774CCF2D78014E00D8F224 /* Assets.xcassets */; };
		EF774CD92D7801E500D8F224 /* BudgetModel.xcdatamodeld in Sources */ = {isa = PBXBuildFile; fileRef = EF774CD72D7801E500D8F224 /* BudgetModel.xcdatamodeld */; };
		EF774CDD2D7803AE00D8F224 /* BudgetCategory+CoreDataClass.swift in Sources */ = {isa = PBXBuildFile; fileRef = EF774CDC2D7803AE00D8F224 /* BudgetCategory+CoreDataClass.swift */; };
		EF774CE02D78053700D8F224 /* CoreDataManager.swift in Sources */ = {isa = PBXBuildFile; fileRef = EF774CDF2D78053700D8F224 /* CoreDataManager.swift */; };
		EF774CE32D78071B00D8F224 /* AddBudgetCategoryView.swift in Sources */ = {isa = PBXBuildFile; fileRef = EF774CE22D78071B00D8F224 /* AddBudgetCategoryView.swift */; };
		EF774CE62D780A3B00D8F224 /* NumberFormatter+Ext.swift in Sources */ = {isa = PBXBuildFile; fileRef = EF774CE52D780A3B00D8F224 /* NumberFormatter+Ext.swift */; };
		EF774CE82D7816E300D8F224 /* BudgetListView.swift in Sources */ = {isa = PBXBuildFile; fileRef = EF774CE72D7816E300D8F224 /* BudgetListView.swift */; };
		EF774CEA2D78215E00D8F224 /* Transaction+CoreDataClass.swift in Sources */ = {isa = PBXBuildFile; fileRef = EF774CE92D78215E00D8F224 /* Transaction+CoreDataClass.swift */; };
		EF774CEC2D7821DF00D8F224 /* BudgetDetailView.swift in Sources */ = {isa = PBXBuildFile; fileRef = EF774CEB2D7821DF00D8F224 /* BudgetDetailView.swift */; };
		EF774CEE2D782AD900D8F224 /* TransactionListView.swift in Sources */ = {isa = PBXBuildFile; fileRef = EF774CED2D782AD900D8F224 /* TransactionListView.swift */; };
		EF774CF02D78339500D8F224 /* BudgetSummaryView.swift in Sources */ = {isa = PBXBuildFile; fileRef = EF774CEF2D78339500D8F224 /* BudgetSummaryView.swift */; };
/* End PBXBuildFile section */

/* Begin PBXFileReference section */
		EF774CBC2D78014500D8F224 /* Budgets.app */ = {isa = PBXFileReference; explicitFileType = wrapper.application; includeInIndex = 0; path = Budgets.app; sourceTree = BUILT_PRODUCTS_DIR; };
		EF774CCD2D78014E00D8F224 /* Preview Assets.xcassets */ = {isa = PBXFileReference; lastKnownFileType = folder.assetcatalog; path = "Preview Assets.xcassets"; sourceTree = "<group>"; };
		EF774CCF2D78014E00D8F224 /* Assets.xcassets */ = {isa = PBXFileReference; lastKnownFileType = folder.assetcatalog; path = Assets.xcassets; sourceTree = "<group>"; };
		EF774CD02D78014E00D8F224 /* BudgetsApp.swift */ = {isa = PBXFileReference; lastKnownFileType = sourcecode.swift; path = BudgetsApp.swift; sourceTree = "<group>"; };
		EF774CD12D78014E00D8F224 /* ContentView.swift */ = {isa = PBXFileReference; lastKnownFileType = sourcecode.swift; path = ContentView.swift; sourceTree = "<group>"; };
		EF774CD82D7801E500D8F224 /* BudgetModel.xcdatamodel */ = {isa = PBXFileReference; lastKnownFileType = wrapper.xcdatamodel; path = BudgetModel.xcdatamodel; sourceTree = "<group>"; };
		EF774CDC2D7803AE00D8F224 /* BudgetCategory+CoreDataClass.swift */ = {isa = PBXFileReference; lastKnownFileType = sourcecode.swift; path = "BudgetCategory+CoreDataClass.swift"; sourceTree = "<group>"; };
		EF774CDF2D78053700D8F224 /* CoreDataManager.swift */ = {isa = PBXFileReference; lastKnownFileType = sourcecode.swift; path = CoreDataManager.swift; sourceTree = "<group>"; };
		EF774CE22D78071B00D8F224 /* AddBudgetCategoryView.swift */ = {isa = PBXFileReference; lastKnownFileType = sourcecode.swift; path = AddBudgetCategoryView.swift; sourceTree = "<group>"; };
		EF774CE52D780A3B00D8F224 /* NumberFormatter+Ext.swift */ = {isa = PBXFileReference; lastKnownFileType = sourcecode.swift; path = "NumberFormatter+Ext.swift"; sourceTree = "<group>"; };
		EF774CE72D7816E300D8F224 /* BudgetListView.swift */ = {isa = PBXFileReference; lastKnownFileType = sourcecode.swift; path = BudgetListView.swift; sourceTree = "<group>"; };
		EF774CE92D78215E00D8F224 /* Transaction+CoreDataClass.swift */ = {isa = PBXFileReference; lastKnownFileType = sourcecode.swift; path = "Transaction+CoreDataClass.swift"; sourceTree = "<group>"; };
		EF774CEB2D7821DF00D8F224 /* BudgetDetailView.swift */ = {isa = PBXFileReference; lastKnownFileType = sourcecode.swift; path = BudgetDetailView.swift; sourceTree = "<group>"; };
		EF774CED2D782AD900D8F224 /* TransactionListView.swift */ = {isa = PBXFileReference; lastKnownFileType = sourcecode.swift; path = TransactionListView.swift; sourceTree = "<group>"; };
		EF774CEF2D78339500D8F224 /* BudgetSummaryView.swift */ = {isa = PBXFileReference; lastKnownFileType = sourcecode.swift; path = BudgetSummaryView.swift; sourceTree = "<group>"; };
/* End PBXFileReference section */

/* Begin PBXFrameworksBuildPhase section */
		EF774CB92D78014500D8F224 /* Frameworks */ = {
			isa = PBXFrameworksBuildPhase;
			buildActionMask = 2147483647;
			files = (
			);
			runOnlyForDeploymentPostprocessing = 0;
		};
/* End PBXFrameworksBuildPhase section */

/* Begin PBXGroup section */
		EF774CB32D78014500D8F224 = {
			isa = PBXGroup;
			children = (
				EF774CD22D78014E00D8F224 /* Budgets */,
				EF774CBD2D78014500D8F224 /* Products */,
			);
			sourceTree = "<group>";
		};
		EF774CBD2D78014500D8F224 /* Products */ = {
			isa = PBXGroup;
			children = (
				EF774CBC2D78014500D8F224 /* Budgets.app */,
			);
			name = Products;
			sourceTree = "<group>";
		};
		EF774CCE2D78014E00D8F224 /* Preview Content */ = {
			isa = PBXGroup;
			children = (
				EF774CCD2D78014E00D8F224 /* Preview Assets.xcassets */,
			);
			path = "Preview Content";
			sourceTree = "<group>";
		};
		EF774CD22D78014E00D8F224 /* Budgets */ = {
			isa = PBXGroup;
			children = (
				EF774CE42D780A2500D8F224 /* Extension */,
				EF774CE12D7806FD00D8F224 /* View */,
				EF774CDE2D78051D00D8F224 /* Manager */,
				EF774CDA2D78034700D8F224 /* Model */,
				EF774CD02D78014E00D8F224 /* BudgetsApp.swift */,
				EF774CD12D78014E00D8F224 /* ContentView.swift */,
				EF774CD72D7801E500D8F224 /* BudgetModel.xcdatamodeld */,
				EF774CCF2D78014E00D8F224 /* Assets.xcassets */,
				EF774CCE2D78014E00D8F224 /* Preview Content */,
			);
			path = Budgets;
			sourceTree = "<group>";
		};
		EF774CDA2D78034700D8F224 /* Model */ = {
			isa = PBXGroup;
			children = (
				EF774CDC2D7803AE00D8F224 /* BudgetCategory+CoreDataClass.swift */,
				EF774CE92D78215E00D8F224 /* Transaction+CoreDataClass.swift */,
			);
			path = Model;
			sourceTree = "<group>";
		};
		EF774CDE2D78051D00D8F224 /* Manager */ = {
			isa = PBXGroup;
			children = (
				EF774CDF2D78053700D8F224 /* CoreDataManager.swift */,
			);
			path = Manager;
			sourceTree = "<group>";
		};
		EF774CE12D7806FD00D8F224 /* View */ = {
			isa = PBXGroup;
			children = (
				EF774CE22D78071B00D8F224 /* AddBudgetCategoryView.swift */,
				EF774CE72D7816E300D8F224 /* BudgetListView.swift */,
				EF774CEB2D7821DF00D8F224 /* BudgetDetailView.swift */,
				EF774CED2D782AD900D8F224 /* TransactionListView.swift */,
				EF774CEF2D78339500D8F224 /* BudgetSummaryView.swift */,
			);
			path = View;
			sourceTree = "<group>";
		};
		EF774CE42D780A2500D8F224 /* Extension */ = {
			isa = PBXGroup;
			children = (
				EF774CE52D780A3B00D8F224 /* NumberFormatter+Ext.swift */,
			);
			path = Extension;
			sourceTree = "<group>";
		};
/* End PBXGroup section */

/* Begin PBXNativeTarget section */
		EF774CBB2D78014500D8F224 /* Budgets */ = {
			isa = PBXNativeTarget;
			buildConfigurationList = EF774CCA2D78014600D8F224 /* Build configuration list for PBXNativeTarget "Budgets" */;
			buildPhases = (
				EF774CB82D78014500D8F224 /* Sources */,
				EF774CB92D78014500D8F224 /* Frameworks */,
				EF774CBA2D78014500D8F224 /* Resources */,
			);
			buildRules = (
			);
			dependencies = (
			);
			name = Budgets;
			packageProductDependencies = (
			);
			productName = Budgets;
			productReference = EF774CBC2D78014500D8F224 /* Budgets.app */;
			productType = "com.apple.product-type.application";
		};
/* End PBXNativeTarget section */

/* Begin PBXProject section */
		EF774CB42D78014500D8F224 /* Project object */ = {
			isa = PBXProject;
			attributes = {
				BuildIndependentTargetsInParallel = 1;
				LastSwiftUpdateCheck = 1620;
				LastUpgradeCheck = 1620;
				TargetAttributes = {
					EF774CBB2D78014500D8F224 = {
						CreatedOnToolsVersion = 16.2;
					};
				};
			};
			buildConfigurationList = EF774CB72D78014500D8F224 /* Build configuration list for PBXProject "Budgets" */;
			developmentRegion = en;
			hasScannedForEncodings = 0;
			knownRegions = (
				en,
				Base,
			);
			mainGroup = EF774CB32D78014500D8F224;
			minimizedProjectReferenceProxies = 1;
			preferredProjectObjectVersion = 77;
			productRefGroup = EF774CBD2D78014500D8F224 /* Products */;
			projectDirPath = "";
			projectRoot = "";
			targets = (
				EF774CBB2D78014500D8F224 /* Budgets */,
			);
		};
/* End PBXProject section */

/* Begin PBXResourcesBuildPhase section */
		EF774CBA2D78014500D8F224 /* Resources */ = {
			isa = PBXResourcesBuildPhase;
			buildActionMask = 2147483647;
			files = (
				EF774CD52D78014E00D8F224 /* Preview Assets.xcassets in Resources */,
				EF774CD62D78014E00D8F224 /* Assets.xcassets in Resources */,
			);
			runOnlyForDeploymentPostprocessing = 0;
		};
/* End PBXResourcesBuildPhase section */

/* Begin PBXSourcesBuildPhase section */
		EF774CB82D78014500D8F224 /* Sources */ = {
			isa = PBXSourcesBuildPhase;
			buildActionMask = 2147483647;
			files = (
				EF774CE62D780A3B00D8F224 /* NumberFormatter+Ext.swift in Sources */,
				EF774CE82D7816E300D8F224 /* BudgetListView.swift in Sources */,
				EF774CD32D78014E00D8F224 /* BudgetsApp.swift in Sources */,
				EF774CD42D78014E00D8F224 /* ContentView.swift in Sources */,
				EF774CEA2D78215E00D8F224 /* Transaction+CoreDataClass.swift in Sources */,
				EF774CDD2D7803AE00D8F224 /* BudgetCategory+CoreDataClass.swift in Sources */,
				EF774CF02D78339500D8F224 /* BudgetSummaryView.swift in Sources */,
				EF774CEC2D7821DF00D8F224 /* BudgetDetailView.swift in Sources */,
				EF774CE32D78071B00D8F224 /* AddBudgetCategoryView.swift in Sources */,
				EF774CEE2D782AD900D8F224 /* TransactionListView.swift in Sources */,
				EF774CE02D78053700D8F224 /* CoreDataManager.swift in Sources */,
				EF774CD92D7801E500D8F224 /* BudgetModel.xcdatamodeld in Sources */,
			);
			runOnlyForDeploymentPostprocessing = 0;
		};
/* End PBXSourcesBuildPhase section */

/* Begin XCBuildConfiguration section */
		EF774CC82D78014600D8F224 /* Debug */ = {
			isa = XCBuildConfiguration;
			buildSettings = {
				ALWAYS_SEARCH_USER_PATHS = NO;
				ASSETCATALOG_COMPILER_GENERATE_SWIFT_ASSET_SYMBOL_EXTENSIONS = YES;
				CLANG_ANALYZER_NONNULL = YES;
				CLANG_ANALYZER_NUMBER_OBJECT_CONVERSION = YES_AGGRESSIVE;
				CLANG_CXX_LANGUAGE_STANDARD = "gnu++20";
				CLANG_ENABLE_MODULES = YES;
				CLANG_ENABLE_OBJC_ARC = YES;
				CLANG_ENABLE_OBJC_WEAK = YES;
				CLANG_WARN_BLOCK_CAPTURE_AUTORELEASING = YES;
				CLANG_WARN_BOOL_CONVERSION = YES;
				CLANG_WARN_COMMA = YES;
				CLANG_WARN_CONSTANT_CONVERSION = YES;
				CLANG_WARN_DEPRECATED_OBJC_IMPLEMENTATIONS = YES;
				CLANG_WARN_DIRECT_OBJC_ISA_USAGE = YES_ERROR;
				CLANG_WARN_DOCUMENTATION_COMMENTS = YES;
				CLANG_WARN_EMPTY_BODY = YES;
				CLANG_WARN_ENUM_CONVERSION = YES;
				CLANG_WARN_INFINITE_RECURSION = YES;
				CLANG_WARN_INT_CONVERSION = YES;
				CLANG_WARN_NON_LITERAL_NULL_CONVERSION = YES;
				CLANG_WARN_OBJC_IMPLICIT_RETAIN_SELF = YES;
				CLANG_WARN_OBJC_LITERAL_CONVERSION = YES;
				CLANG_WARN_OBJC_ROOT_CLASS = YES_ERROR;
				CLANG_WARN_QUOTED_INCLUDE_IN_FRAMEWORK_HEADER = YES;
				CLANG_WARN_RANGE_LOOP_ANALYSIS = YES;
				CLANG_WARN_STRICT_PROTOTYPES = YES;
				CLANG_WARN_SUSPICIOUS_MOVE = YES;
				CLANG_WARN_UNGUARDED_AVAILABILITY = YES_AGGRESSIVE;
				CLANG_WARN_UNREACHABLE_CODE = YES;
				CLANG_WARN__DUPLICATE_METHOD_MATCH = YES;
				COPY_PHASE_STRIP = NO;
				DEBUG_INFORMATION_FORMAT = dwarf;
				ENABLE_STRICT_OBJC_MSGSEND = YES;
				ENABLE_TESTABILITY = YES;
				ENABLE_USER_SCRIPT_SANDBOXING = YES;
				GCC_C_LANGUAGE_STANDARD = gnu17;
				GCC_DYNAMIC_NO_PIC = NO;
				GCC_NO_COMMON_BLOCKS = YES;
				GCC_OPTIMIZATION_LEVEL = 0;
				GCC_PREPROCESSOR_DEFINITIONS = (
					"DEBUG=1",
					"$(inherited)",
				);
				GCC_WARN_64_TO_32_BIT_CONVERSION = YES;
				GCC_WARN_ABOUT_RETURN_TYPE = YES_ERROR;
				GCC_WARN_UNDECLARED_SELECTOR = YES;
				GCC_WARN_UNINITIALIZED_AUTOS = YES_AGGRESSIVE;
				GCC_WARN_UNUSED_FUNCTION = YES;
				GCC_WARN_UNUSED_VARIABLE = YES;
				IPHONEOS_DEPLOYMENT_TARGET = 18.2;
				LOCALIZATION_PREFERS_STRING_CATALOGS = YES;
				MTL_ENABLE_DEBUG_INFO = INCLUDE_SOURCE;
				MTL_FAST_MATH = YES;
				ONLY_ACTIVE_ARCH = YES;
				SDKROOT = iphoneos;
				SWIFT_ACTIVE_COMPILATION_CONDITIONS = "DEBUG $(inherited)";
				SWIFT_OPTIMIZATION_LEVEL = "-Onone";
			};
			name = Debug;
		};
		EF774CC92D78014600D8F224 /* Release */ = {
			isa = XCBuildConfiguration;
			buildSettings = {
				ALWAYS_SEARCH_USER_PATHS = NO;
				ASSETCATALOG_COMPILER_GENERATE_SWIFT_ASSET_SYMBOL_EXTENSIONS = YES;
				CLANG_ANALYZER_NONNULL = YES;
				CLANG_ANALYZER_NUMBER_OBJECT_CONVERSION = YES_AGGRESSIVE;
				CLANG_CXX_LANGUAGE_STANDARD = "gnu++20";
				CLANG_ENABLE_MODULES = YES;
				CLANG_ENABLE_OBJC_ARC = YES;
				CLANG_ENABLE_OBJC_WEAK = YES;
				CLANG_WARN_BLOCK_CAPTURE_AUTORELEASING = YES;
				CLANG_WARN_BOOL_CONVERSION = YES;
				CLANG_WARN_COMMA = YES;
				CLANG_WARN_CONSTANT_CONVERSION = YES;
				CLANG_WARN_DEPRECATED_OBJC_IMPLEMENTATIONS = YES;
				CLANG_WARN_DIRECT_OBJC_ISA_USAGE = YES_ERROR;
				CLANG_WARN_DOCUMENTATION_COMMENTS = YES;
				CLANG_WARN_EMPTY_BODY = YES;
				CLANG_WARN_ENUM_CONVERSION = YES;
				CLANG_WARN_INFINITE_RECURSION = YES;
				CLANG_WARN_INT_CONVERSION = YES;
				CLANG_WARN_NON_LITERAL_NULL_CONVERSION = YES;
				CLANG_WARN_OBJC_IMPLICIT_RETAIN_SELF = YES;
				CLANG_WARN_OBJC_LITERAL_CONVERSION = YES;
				CLANG_WARN_OBJC_ROOT_CLASS = YES_ERROR;
				CLANG_WARN_QUOTED_INCLUDE_IN_FRAMEWORK_HEADER = YES;
				CLANG_WARN_RANGE_LOOP_ANALYSIS = YES;
				CLANG_WARN_STRICT_PROTOTYPES = YES;
				CLANG_WARN_SUSPICIOUS_MOVE = YES;
				CLANG_WARN_UNGUARDED_AVAILABILITY = YES_AGGRESSIVE;
				CLANG_WARN_UNREACHABLE_CODE = YES;
				CLANG_WARN__DUPLICATE_METHOD_MATCH = YES;
				COPY_PHASE_STRIP = NO;
				DEBUG_INFORMATION_FORMAT = "dwarf-with-dsym";
				ENABLE_NS_ASSERTIONS = NO;
				ENABLE_STRICT_OBJC_MSGSEND = YES;
				ENABLE_USER_SCRIPT_SANDBOXING = YES;
				GCC_C_LANGUAGE_STANDARD = gnu17;
				GCC_NO_COMMON_BLOCKS = YES;
				GCC_WARN_64_TO_32_BIT_CONVERSION = YES;
				GCC_WARN_ABOUT_RETURN_TYPE = YES_ERROR;
				GCC_WARN_UNDECLARED_SELECTOR = YES;
				GCC_WARN_UNINITIALIZED_AUTOS = YES_AGGRESSIVE;
				GCC_WARN_UNUSED_FUNCTION = YES;
				GCC_WARN_UNUSED_VARIABLE = YES;
				IPHONEOS_DEPLOYMENT_TARGET = 18.2;
				LOCALIZATION_PREFERS_STRING_CATALOGS = YES;
				MTL_ENABLE_DEBUG_INFO = NO;
				MTL_FAST_MATH = YES;
				SDKROOT = iphoneos;
				SWIFT_COMPILATION_MODE = wholemodule;
				VALIDATE_PRODUCT = YES;
			};
			name = Release;
		};
		EF774CCB2D78014600D8F224 /* Debug */ = {
			isa = XCBuildConfiguration;
			buildSettings = {
				ASSETCATALOG_COMPILER_APPICON_NAME = AppIcon;
				ASSETCATALOG_COMPILER_GLOBAL_ACCENT_COLOR_NAME = AccentColor;
				CODE_SIGN_STYLE = Automatic;
				CURRENT_PROJECT_VERSION = 1;
				DEVELOPMENT_ASSET_PATHS = "\"Budgets/Preview Content\"";
				DEVELOPMENT_TEAM = T9MD4URZFH;
				ENABLE_PREVIEWS = YES;
				GENERATE_INFOPLIST_FILE = YES;
				INFOPLIST_KEY_UIApplicationSceneManifest_Generation = YES;
				INFOPLIST_KEY_UIApplicationSupportsIndirectInputEvents = YES;
				INFOPLIST_KEY_UILaunchScreen_Generation = YES;
				INFOPLIST_KEY_UISupportedInterfaceOrientations_iPad = "UIInterfaceOrientationPortrait UIInterfaceOrientationPortraitUpsideDown UIInterfaceOrientationLandscapeLeft UIInterfaceOrientationLandscapeRight";
				INFOPLIST_KEY_UISupportedInterfaceOrientations_iPhone = "UIInterfaceOrientationPortrait UIInterfaceOrientationLandscapeLeft UIInterfaceOrientationLandscapeRight";
				LD_RUNPATH_SEARCH_PATHS = (
					"$(inherited)",
					"@executable_path/Frameworks",
				);
				MARKETING_VERSION = 1.0;
				PRODUCT_BUNDLE_IDENTIFIER = com.superkookai.Budgets;
				PRODUCT_NAME = "$(TARGET_NAME)";
				SWIFT_EMIT_LOC_STRINGS = YES;
				SWIFT_VERSION = 5.0;
				TARGETED_DEVICE_FAMILY = "1,2";
			};
			name = Debug;
		};
		EF774CCC2D78014600D8F224 /* Release */ = {
			isa = XCBuildConfiguration;
			buildSettings = {
				ASSETCATALOG_COMPILER_APPICON_NAME = AppIcon;
				ASSETCATALOG_COMPILER_GLOBAL_ACCENT_COLOR_NAME = AccentColor;
				CODE_SIGN_STYLE = Automatic;
				CURRENT_PROJECT_VERSION = 1;
				DEVELOPMENT_ASSET_PATHS = "\"Budgets/Preview Content\"";
				DEVELOPMENT_TEAM = T9MD4URZFH;
				ENABLE_PREVIEWS = YES;
				GENERATE_INFOPLIST_FILE = YES;
				INFOPLIST_KEY_UIApplicationSceneManifest_Generation = YES;
				INFOPLIST_KEY_UIApplicationSupportsIndirectInputEvents = YES;
				INFOPLIST_KEY_UILaunchScreen_Generation = YES;
				INFOPLIST_KEY_UISupportedInterfaceOrientations_iPad = "UIInterfaceOrientationPortrait UIInterfaceOrientationPortraitUpsideDown UIInterfaceOrientationLandscapeLeft UIInterfaceOrientationLandscapeRight";
				INFOPLIST_KEY_UISupportedInterfaceOrientations_iPhone = "UIInterfaceOrientationPortrait UIInterfaceOrientationLandscapeLeft UIInterfaceOrientationLandscapeRight";
				LD_RUNPATH_SEARCH_PATHS = (
					"$(inherited)",
					"@executable_path/Frameworks",
				);
				MARKETING_VERSION = 1.0;
				PRODUCT_BUNDLE_IDENTIFIER = com.superkookai.Budgets;
				PRODUCT_NAME = "$(TARGET_NAME)";
				SWIFT_EMIT_LOC_STRINGS = YES;
				SWIFT_VERSION = 5.0;
				TARGETED_DEVICE_FAMILY = "1,2";
			};
			name = Release;
		};
/* End XCBuildConfiguration section */

/* Begin XCConfigurationList section */
		EF774CB72D78014500D8F224 /* Build configuration list for PBXProject "Budgets" */ = {
			isa = XCConfigurationList;
			buildConfigurations = (
				EF774CC82D78014600D8F224 /* Debug */,
				EF774CC92D78014600D8F224 /* Release */,
			);
			defaultConfigurationIsVisible = 0;
			defaultConfigurationName = Release;
		};
		EF774CCA2D78014600D8F224 /* Build configuration list for PBXNativeTarget "Budgets" */ = {
			isa = XCConfigurationList;
			buildConfigurations = (
				EF774CCB2D78014600D8F224 /* Debug */,
				EF774CCC2D78014600D8F224 /* Release */,
			);
			defaultConfigurationIsVisible = 0;
			defaultConfigurationName = Release;
		};
/* End XCConfigurationList section */

/* Begin XCVersionGroup section */
		EF774CD72D7801E500D8F224 /* BudgetModel.xcdatamodeld */ = {
			isa = XCVersionGroup;
			children = (
				EF774CD82D7801E500D8F224 /* BudgetModel.xcdatamodel */,
			);
			currentVersion = EF774CD82D7801E500D8F224 /* BudgetModel.xcdatamodel */;
			path = BudgetModel.xcdatamodeld;
			sourceTree = "<group>";
			versionGroupType = wrapper.xcdatamodel;
		};
/* End XCVersionGroup section */
	};
	rootObject = EF774CB42D78014500D8F224 /* Project object */;
}
